
Microsoft Visual Studio Solution File, Format Version 12.00
# Visual Studio Version 16
VisualStudioVersion = 16.0.30523.141
MinimumVisualStudioVersion = 10.0.40219.1
Project("{9A19103F-16F7-4668-BE54-9A1E7A4F7556}") = "NSwag.CodeGeneration.PlSql", "NSwag.CodeGeneration.PlSql.csproj", "{DF410CCE-C515-417A-856A-C7093F24DC63}"
EndProject
Global
	GlobalSection(SolutionConfigurationPlatforms) = preSolution
		Debug|Any CPU = Debug|Any CPU
		Release|Any CPU = Release|Any CPU
	EndGlobalSection
	GlobalSection(ProjectConfigurationPlatforms) = postSolution
		{DF410CCE-C515-417A-856A-C7093F24DC63}.Debug|Any CPU.ActiveCfg = Debug|Any CPU
		{DF410CCE-C515-417A-856A-C7093F24DC63}.Debug|Any CPU.Build.0 = Debug|Any CPU
		{DF410CCE-C515-417A-856A-C7093F24DC63}.Release|Any CPU.ActiveCfg = Release|Any CPU
		{DF410CCE-C515-417A-856A-C7093F24DC63}.Release|Any CPU.Build.0 = Release|Any CPU
	EndGlobalSection
	GlobalSection(SolutionProperties) = preSolution
		HideSolutionNode = FALSE
	EndGlobalSection
	GlobalSection(ExtensibilityGlobals) = postSolution
		SolutionGuid = {BEDD1FF0-F944-49F4-B393-C65D038F5B55}
	EndGlobalSection
EndGlobal
